PODS:
  - TLMonthYearPicker (4.1.0)

DEPENDENCIES:
  - TLMonthYearPicker (from `../`)

EXTERNAL SOURCES:
  TLMonthYearPicker:
    :path: "../"

SPEC CHECKSUMS:
  TLMonthYearPicker: 463f2d16d96d928baeeff1d6f91a0f0623abafc7

PODFILE CHECKSUM: cfc54d899d84e4432b0d78dfbc5f59dbb104500c

COCOAPODS: 1.11.3
