PODS:
  - TLMonthYearPicker (3.0.0)

DEPENDENCIES:
  - TLMonthYearPicker (from `../`)

EXTERNAL SOURCES:
  TLMonthYearPicker:
    :path: "../"

SPEC CHECKSUMS:
  TLMonthYearPicker: 65a12804dd5e324073910637e7ce7f168599d41c

PODFILE CHECKSUM: de95f32d37a99a7afe9e908ce8aa1ff0f2ab3712

COCOAPODS: 1.9.3
