PODS:
  - TLMonthYearPicker (4.1.1)

DEPENDENCIES:
  - TLMonthYearPicker (from `../../`)

EXTERNAL SOURCES:
  TLMonthYearPicker:
    :path: "../../"

SPEC CHECKSUMS:
  TLMonthYearPicker: 85088052b2bbc3b7f1371dca3d9ed6b96f94b05f

PODFILE CHECKSUM: 8e76a06c3d7a094c4213cb6a0b4bceaa6f42a293

COCOAPODS: 1.15.2
